
Microsoft Visual Studio Solution File, Format Version 12.00
# Visual Studio 15
VisualStudioVersion = 15.0.27703.2018
MinimumVisualStudioVersion = 10.0.40219.1
Project("{FAE04EC0-301F-11D3-BF4B-00C04F79EFBC}") = "HelloAppVeyor.UnitTest", "HelloAppVeyor.UnitTest\HelloAppVeyor.UnitTest.csproj", "{401CD8C9-99CA-439C-BBF9-0CBD4ECF39B5}"
EndProject
Project("{FAE04EC0-301F-11D3-BF4B-00C04F79EFBC}") = "HelloAppVayor.App", "HelloAppVayor.App\HelloAppVayor.App.csproj", "{1CB25001-586D-428B-A60D-AFB4E7FAEC07}"
EndProject
Project("{FAE04EC0-301F-11D3-BF4B-00C04F79EFBC}") = "HelloVayor.Common", "HelloVayor.Common\HelloVayor.Common.csproj", "{12DC4C11-3E5E-44FC-90AF-E8C47060F3B8}"
EndProject
Global
	GlobalSection(SolutionConfigurationPlatforms) = preSolution
		Debug|Any CPU = Debug|Any CPU
		Release|Any CPU = Release|Any CPU
	EndGlobalSection
	GlobalSection(ProjectConfigurationPlatforms) = postSolution
		{401CD8C9-99CA-439C-BBF9-0CBD4ECF39B5}.Debug|Any CPU.ActiveCfg = Debug|Any CPU
		{401CD8C9-99CA-439C-BBF9-0CBD4ECF39B5}.Debug|Any CPU.Build.0 = Debug|Any CPU
		{401CD8C9-99CA-439C-BBF9-0CBD4ECF39B5}.Release|Any CPU.ActiveCfg = Release|Any CPU
		{401CD8C9-99CA-439C-BBF9-0CBD4ECF39B5}.Release|Any CPU.Build.0 = Release|Any CPU
		{1CB25001-586D-428B-A60D-AFB4E7FAEC07}.Debug|Any CPU.ActiveCfg = Debug|Any CPU
		{1CB25001-586D-428B-A60D-AFB4E7FAEC07}.Debug|Any CPU.Build.0 = Debug|Any CPU
		{1CB25001-586D-428B-A60D-AFB4E7FAEC07}.Release|Any CPU.ActiveCfg = Release|Any CPU
		{1CB25001-586D-428B-A60D-AFB4E7FAEC07}.Release|Any CPU.Build.0 = Release|Any CPU
		{12DC4C11-3E5E-44FC-90AF-E8C47060F3B8}.Debug|Any CPU.ActiveCfg = Debug|Any CPU
		{12DC4C11-3E5E-44FC-90AF-E8C47060F3B8}.Debug|Any CPU.Build.0 = Debug|Any CPU
		{12DC4C11-3E5E-44FC-90AF-E8C47060F3B8}.Release|Any CPU.ActiveCfg = Release|Any CPU
		{12DC4C11-3E5E-44FC-90AF-E8C47060F3B8}.Release|Any CPU.Build.0 = Release|Any CPU
	EndGlobalSection
	GlobalSection(SolutionProperties) = preSolution
		HideSolutionNode = FALSE
	EndGlobalSection
	GlobalSection(ExtensibilityGlobals) = postSolution
		SolutionGuid = {E028F7AC-45FC-46AD-BA7D-EEBAF28FE6D3}
	EndGlobalSection
EndGlobal
